
Microsoft Visual Studio Solution File, Format Version 12.00
# Visual Studio Version 16
VisualStudioVersion = 16.0.33801.447
MinimumVisualStudioVersion = 10.0.40219.1
Project("{888888A0-9F3D-457C-B088-3A5042F75D52}") = "FlaskWebProject1", "FlaskWebProject1.pyproj", "{CEB8D229-40E6-42FB-BBDF-260A7422CB14}"
EndProject
Global
	GlobalSection(SolutionConfigurationPlatforms) = preSolution
		Debug|Any CPU = Debug|Any CPU
		Release|Any CPU = Release|Any CPU
	EndGlobalSection
	GlobalSection(ProjectConfigurationPlatforms) = postSolution
		{CEB8D229-40E6-42FB-BBDF-260A7422CB14}.Debug|Any CPU.ActiveCfg = Debug|Any CPU
		{CEB8D229-40E6-42FB-BBDF-260A7422CB14}.Debug|Any CPU.Build.0 = Debug|Any CPU
		{CEB8D229-40E6-42FB-BBDF-260A7422CB14}.Release|Any CPU.ActiveCfg = Release|Any CPU
		{CEB8D229-40E6-42FB-BBDF-260A7422CB14}.Release|Any CPU.Build.0 = Release|Any CPU
	EndGlobalSection
	GlobalSection(SolutionProperties) = preSolution
		HideSolutionNode = FALSE
	EndGlobalSection
	GlobalSection(ExtensibilityGlobals) = postSolution
		SolutionGuid = {582A5E99-5FA6-4ADF-A328-F8AC7C05A0A7}
	EndGlobalSection
EndGlobal
